
Microsoft Visual Studio Solution File, Format Version 12.00
# Visual Studio Version 17
VisualStudioVersion = 17.12.35527.113
MinimumVisualStudioVersion = 10.0.40219.1
Project("{FAE04EC0-301F-11D3-BF4B-00C04F79EFBC}") = "HelloWorld", "HelloWorld\HelloWorld.csproj", "{927373B1-F865-442E-B0DD-8D14110037C0}"
EndProject
Project("{FAE04EC0-301F-11D3-BF4B-00C04F79EFBC}") = "HelloWorldLib", "HelloWorldLib\HelloWorldLib.csproj", "{EC327C4A-6CB8-425F-827D-75CA937A567E}"
EndProject
Project("{FAE04EC0-301F-11D3-BF4B-00C04F79EFBC}") = "Arrays", "Arrays\Arrays.csproj", "{A89802D1-F81A-4886-A971-162E6E8435FD}"
EndProject
Project("{FAE04EC0-301F-11D3-BF4B-00C04F79EFBC}") = "loop", "loop\loop.csproj", "{ED5DC11D-47F0-4D36-B662-0531B1A374E5}"
EndProject
Project("{FAE04EC0-301F-11D3-BF4B-00C04F79EFBC}") = "Collection", "Collection\Collection.csproj", "{2AB08407-6BF5-4AB1-8AA9-A1391DB5F4C0}"
EndProject
Project("{FAE04EC0-301F-11D3-BF4B-00C04F79EFBC}") = "Lambda", "Lambda\Lambda.csproj", "{47962DD8-0DA3-4218-9886-11AE6F6A8D7C}"
EndProject
Global
	GlobalSection(SolutionConfigurationPlatforms) = preSolution
		Debug|Any CPU = Debug|Any CPU
		Release|Any CPU = Release|Any CPU
	EndGlobalSection
	GlobalSection(ProjectConfigurationPlatforms) = postSolution
		{927373B1-F865-442E-B0DD-8D14110037C0}.Debug|Any CPU.ActiveCfg = Debug|Any CPU
		{927373B1-F865-442E-B0DD-8D14110037C0}.Debug|Any CPU.Build.0 = Debug|Any CPU
		{927373B1-F865-442E-B0DD-8D14110037C0}.Release|Any CPU.ActiveCfg = Release|Any CPU
		{927373B1-F865-442E-B0DD-8D14110037C0}.Release|Any CPU.Build.0 = Release|Any CPU
		{EC327C4A-6CB8-425F-827D-75CA937A567E}.Debug|Any CPU.ActiveCfg = Debug|Any CPU
		{EC327C4A-6CB8-425F-827D-75CA937A567E}.Debug|Any CPU.Build.0 = Debug|Any CPU
		{EC327C4A-6CB8-425F-827D-75CA937A567E}.Release|Any CPU.ActiveCfg = Release|Any CPU
		{EC327C4A-6CB8-425F-827D-75CA937A567E}.Release|Any CPU.Build.0 = Release|Any CPU
		{A89802D1-F81A-4886-A971-162E6E8435FD}.Debug|Any CPU.ActiveCfg = Debug|Any CPU
		{A89802D1-F81A-4886-A971-162E6E8435FD}.Debug|Any CPU.Build.0 = Debug|Any CPU
		{A89802D1-F81A-4886-A971-162E6E8435FD}.Release|Any CPU.ActiveCfg = Release|Any CPU
		{A89802D1-F81A-4886-A971-162E6E8435FD}.Release|Any CPU.Build.0 = Release|Any CPU
		{ED5DC11D-47F0-4D36-B662-0531B1A374E5}.Debug|Any CPU.ActiveCfg = Debug|Any CPU
		{ED5DC11D-47F0-4D36-B662-0531B1A374E5}.Debug|Any CPU.Build.0 = Debug|Any CPU
		{ED5DC11D-47F0-4D36-B662-0531B1A374E5}.Release|Any CPU.ActiveCfg = Release|Any CPU
		{ED5DC11D-47F0-4D36-B662-0531B1A374E5}.Release|Any CPU.Build.0 = Release|Any CPU
		{2AB08407-6BF5-4AB1-8AA9-A1391DB5F4C0}.Debug|Any CPU.ActiveCfg = Debug|Any CPU
		{2AB08407-6BF5-4AB1-8AA9-A1391DB5F4C0}.Debug|Any CPU.Build.0 = Debug|Any CPU
		{2AB08407-6BF5-4AB1-8AA9-A1391DB5F4C0}.Release|Any CPU.ActiveCfg = Release|Any CPU
		{2AB08407-6BF5-4AB1-8AA9-A1391DB5F4C0}.Release|Any CPU.Build.0 = Release|Any CPU
		{47962DD8-0DA3-4218-9886-11AE6F6A8D7C}.Debug|Any CPU.ActiveCfg = Debug|Any CPU
		{47962DD8-0DA3-4218-9886-11AE6F6A8D7C}.Debug|Any CPU.Build.0 = Debug|Any CPU
		{47962DD8-0DA3-4218-9886-11AE6F6A8D7C}.Release|Any CPU.ActiveCfg = Release|Any CPU
		{47962DD8-0DA3-4218-9886-11AE6F6A8D7C}.Release|Any CPU.Build.0 = Release|Any CPU
	EndGlobalSection
	GlobalSection(SolutionProperties) = preSolution
		HideSolutionNode = FALSE
	EndGlobalSection
EndGlobal
